
Microsoft Visual Studio Solution File, Format Version 12.00
# Visual Studio Version 17
VisualStudioVersion = 17.11.35303.130
MinimumVisualStudioVersion = 10.0.40219.1
Project("{FAE04EC0-301F-11D3-BF4B-00C04F79EFBC}") = "Csharp", "Csharp.csproj", "{71B9A0B0-73BB-40CF-9FDD-984355B58725}"
EndProject
Global
	GlobalSection(SolutionConfigurationPlatforms) = preSolution
		Debug|Any CPU = Debug|Any CPU
		Release|Any CPU = Release|Any CPU
	EndGlobalSection
	GlobalSection(ProjectConfigurationPlatforms) = postSolution
		{71B9A0B0-73BB-40CF-9FDD-984355B58725}.Debug|Any CPU.ActiveCfg = Debug|Any CPU
		{71B9A0B0-73BB-40CF-9FDD-984355B58725}.Debug|Any CPU.Build.0 = Debug|Any CPU
		{71B9A0B0-73BB-40CF-9FDD-984355B58725}.Release|Any CPU.ActiveCfg = Release|Any CPU
		{71B9A0B0-73BB-40CF-9FDD-984355B58725}.Release|Any CPU.Build.0 = Release|Any CPU
	EndGlobalSection
	GlobalSection(SolutionProperties) = preSolution
		HideSolutionNode = FALSE
	EndGlobalSection
	GlobalSection(ExtensibilityGlobals) = postSolution
		SolutionGuid = {54945B73-1D7F-4992-90D3-47F227F57098}
	EndGlobalSection
EndGlobal
